
Microsoft Visual Studio Solution File, Format Version 12.00
# Visual Studio 15
VisualStudioVersion = 15.0.28010.2041
MinimumVisualStudioVersion = 10.0.40219.1
Project("{FAE04EC0-301F-11D3-BF4B-00C04F79EFBC}") = "CrosswordPuzzle", "CrosswordPuzzle\CrosswordPuzzle.csproj", "{0C1C2186-6B91-46E4-BBA4-E892562BB75C}"
EndProject
Project("{FAE04EC0-301F-11D3-BF4B-00C04F79EFBC}") = "CrosswordLibrary", "CrosswordLibrary\CrosswordLibrary.csproj", "{392D228D-D8EB-46C0-8636-B89519414F62}"
EndProject
Project("{FAE04EC0-301F-11D3-BF4B-00C04F79EFBC}") = "CrosswordLibrary.UnitTests", "CrosswordLibrary.UnitTests\CrosswordLibrary.UnitTests.csproj", "{900F7E0D-499C-4004-9C73-70BB753F9D5A}"
EndProject
Global
	GlobalSection(SolutionConfigurationPlatforms) = preSolution
		Debug|Any CPU = Debug|Any CPU
		Release|Any CPU = Release|Any CPU
	EndGlobalSection
	GlobalSection(ProjectConfigurationPlatforms) = postSolution
		{0C1C2186-6B91-46E4-BBA4-E892562BB75C}.Debug|Any CPU.ActiveCfg = Debug|Any CPU
		{0C1C2186-6B91-46E4-BBA4-E892562BB75C}.Debug|Any CPU.Build.0 = Debug|Any CPU
		{0C1C2186-6B91-46E4-BBA4-E892562BB75C}.Release|Any CPU.ActiveCfg = Release|Any CPU
		{0C1C2186-6B91-46E4-BBA4-E892562BB75C}.Release|Any CPU.Build.0 = Release|Any CPU
		{392D228D-D8EB-46C0-8636-B89519414F62}.Debug|Any CPU.ActiveCfg = Debug|Any CPU
		{392D228D-D8EB-46C0-8636-B89519414F62}.Debug|Any CPU.Build.0 = Debug|Any CPU
		{392D228D-D8EB-46C0-8636-B89519414F62}.Release|Any CPU.ActiveCfg = Release|Any CPU
		{392D228D-D8EB-46C0-8636-B89519414F62}.Release|Any CPU.Build.0 = Release|Any CPU
		{900F7E0D-499C-4004-9C73-70BB753F9D5A}.Debug|Any CPU.ActiveCfg = Debug|Any CPU
		{900F7E0D-499C-4004-9C73-70BB753F9D5A}.Debug|Any CPU.Build.0 = Debug|Any CPU
		{900F7E0D-499C-4004-9C73-70BB753F9D5A}.Release|Any CPU.ActiveCfg = Release|Any CPU
		{900F7E0D-499C-4004-9C73-70BB753F9D5A}.Release|Any CPU.Build.0 = Release|Any CPU
	EndGlobalSection
	GlobalSection(SolutionProperties) = preSolution
		HideSolutionNode = FALSE
	EndGlobalSection
	GlobalSection(ExtensibilityGlobals) = postSolution
		SolutionGuid = {9E674916-4938-40AD-A0BB-0331B24E3C74}
	EndGlobalSection
EndGlobal
